
Microsoft Visual Studio Solution File, Format Version 12.00
# Visual Studio 15
VisualStudioVersion = 15.0.26228.4
MinimumVisualStudioVersion = 10.0.40219.1
Project("{8BC9CEB8-8B4A-11D0-8D11-00A0C91BC942}") = "MidiPlayer", "MIDIPlayer.vcxproj", "{01E92B7C-8942-4C44-98A7-9F9CA97E683B}"
	ProjectSection(ProjectDependencies) = postProject
		{7F98F2E2-CCED-470C-B5C3-FB337693B13A} = {7F98F2E2-CCED-470C-B5C3-FB337693B13A}
	EndProjectSection
EndProject
Project("{8BC9CEB8-8B4A-11D0-8D11-00A0C91BC942}") = "midifile", "midifile.vcxproj", "{7F98F2E2-CCED-470C-B5C3-FB337693B13A}"
EndProject
Global
	GlobalSection(SolutionConfigurationPlatforms) = preSolution
		Debug|x64 = Debug|x64
		Debug|x86 = Debug|x86
		Release|x64 = Release|x64
		Release|x86 = Release|x86
	EndGlobalSection
	GlobalSection(ProjectConfigurationPlatforms) = postSolution
		{01E92B7C-8942-4C44-98A7-9F9CA97E683B}.Debug|x64.ActiveCfg = Debug|x64
		{01E92B7C-8942-4C44-98A7-9F9CA97E683B}.Debug|x64.Build.0 = Debug|x64
		{01E92B7C-8942-4C44-98A7-9F9CA97E683B}.Debug|x86.ActiveCfg = Debug|Win32
		{01E92B7C-8942-4C44-98A7-9F9CA97E683B}.Debug|x86.Build.0 = Debug|Win32
		{01E92B7C-8942-4C44-98A7-9F9CA97E683B}.Release|x64.ActiveCfg = Release|x64
		{01E92B7C-8942-4C44-98A7-9F9CA97E683B}.Release|x64.Build.0 = Release|x64
		{01E92B7C-8942-4C44-98A7-9F9CA97E683B}.Release|x86.ActiveCfg = Release|Win32
		{01E92B7C-8942-4C44-98A7-9F9CA97E683B}.Release|x86.Build.0 = Release|Win32
		{7F98F2E2-CCED-470C-B5C3-FB337693B13A}.Debug|x64.ActiveCfg = Debug|x64
		{7F98F2E2-CCED-470C-B5C3-FB337693B13A}.Debug|x64.Build.0 = Debug|x64
		{7F98F2E2-CCED-470C-B5C3-FB337693B13A}.Debug|x86.ActiveCfg = Debug|Win32
		{7F98F2E2-CCED-470C-B5C3-FB337693B13A}.Debug|x86.Build.0 = Debug|Win32
		{7F98F2E2-CCED-470C-B5C3-FB337693B13A}.Release|x64.ActiveCfg = Release|x64
		{7F98F2E2-CCED-470C-B5C3-FB337693B13A}.Release|x64.Build.0 = Release|x64
		{7F98F2E2-CCED-470C-B5C3-FB337693B13A}.Release|x86.ActiveCfg = Release|Win32
		{7F98F2E2-CCED-470C-B5C3-FB337693B13A}.Release|x86.Build.0 = Release|Win32
	EndGlobalSection
	GlobalSection(SolutionProperties) = preSolution
		HideSolutionNode = FALSE
	EndGlobalSection
EndGlobal
